
Microsoft Visual Studio Solution File, Format Version 12.00
# Visual Studio 2012
Project("{FAE04EC0-301F-11D3-BF4B-00C04F79EFBC}") = "WebApplication1", "WebApplication1\WebApplication1.csproj", "{A732BEB3-C4D6-41F6-A69B-4C3337F01B9E}"
EndProject
Project("{FAE04EC0-301F-11D3-BF4B-00C04F79EFBC}") = "DevLayer", "DevLayer\DevLayer.csproj", "{F1121104-FEAE-41BF-AE1D-26F3A261398B}"
EndProject
Project("{FAE04EC0-301F-11D3-BF4B-00C04F79EFBC}") = "ExtDll", "ExtDll\ExtDll.csproj", "{6B669176-761F-46A1-B695-1319E90AC696}"
EndProject
Global
	GlobalSection(SolutionConfigurationPlatforms) = preSolution
		Debug|Any CPU = Debug|Any CPU
		Release|Any CPU = Release|Any CPU
	EndGlobalSection
	GlobalSection(ProjectConfigurationPlatforms) = postSolution
		{A732BEB3-C4D6-41F6-A69B-4C3337F01B9E}.Debug|Any CPU.ActiveCfg = Debug|Any CPU
		{A732BEB3-C4D6-41F6-A69B-4C3337F01B9E}.Debug|Any CPU.Build.0 = Debug|Any CPU
		{A732BEB3-C4D6-41F6-A69B-4C3337F01B9E}.Release|Any CPU.ActiveCfg = Release|Any CPU
		{A732BEB3-C4D6-41F6-A69B-4C3337F01B9E}.Release|Any CPU.Build.0 = Release|Any CPU
		{F1121104-FEAE-41BF-AE1D-26F3A261398B}.Debug|Any CPU.ActiveCfg = Debug|Any CPU
		{F1121104-FEAE-41BF-AE1D-26F3A261398B}.Debug|Any CPU.Build.0 = Debug|Any CPU
		{F1121104-FEAE-41BF-AE1D-26F3A261398B}.Release|Any CPU.ActiveCfg = Release|Any CPU
		{F1121104-FEAE-41BF-AE1D-26F3A261398B}.Release|Any CPU.Build.0 = Release|Any CPU
		{6B669176-761F-46A1-B695-1319E90AC696}.Debug|Any CPU.ActiveCfg = Debug|Any CPU
		{6B669176-761F-46A1-B695-1319E90AC696}.Debug|Any CPU.Build.0 = Debug|Any CPU
		{6B669176-761F-46A1-B695-1319E90AC696}.Release|Any CPU.ActiveCfg = Release|Any CPU
		{6B669176-761F-46A1-B695-1319E90AC696}.Release|Any CPU.Build.0 = Release|Any CPU
	EndGlobalSection
	GlobalSection(SolutionProperties) = preSolution
		HideSolutionNode = FALSE
	EndGlobalSection
EndGlobal
